<?xml version="1.0" encoding="utf-8"?>
<Project ToolsVersion="4.0" xmlns="http://schemas.microsoft.com/developer/msbuild/2003">
  <ItemGroup>
    <Filter Include="Source Files">
      <UniqueIdentifier>{4FC737F1-C7A5-4376-A066-2A32D752A2FF}</UniqueIdentifier>
      <Extensions>cpp;c;cc;cxx;def;odl;idl;hpj;bat;asm;asmx</Extensions>
    </Filter>
    <Filter Include="Header Files">
      <UniqueIdentifier>{93995380-89BD-4b04-88EB-625FBE52EBFB}</UniqueIdentifier>
      <Extensions>h;hpp;hxx;hm;inl;inc;xsd</Extensions>
    </Filter>
    <Filter Include="Resource Files">
      <UniqueIdentifier>{67DA6AB6-F800-4c08-8B7A-83BB121AAD01}</UniqueIdentifier>
      <Extensions>rc;ico;cur;bmp;dlg;rc2;rct;bin;rgs;gif;jpg;jpeg;jpe;resx;tiff;tif;png;wav;mfcribbon-ms</Extensions>
    </Filter>
  </ItemGroup>
  <ItemGroup>
    <ClCompile Include="Driver.cpp">
      <Filter>Source Files</Filter>
    </ClCompile>
    <ClCompile Include="Lab01GuiBase.cpp">
      <Filter>Source Files</Filter>
    </ClCompile>
    <ClCompile Include="Lab02Gui.cpp">
      <Filter>Source Files</Filter>
    </ClCompile>
    <ClCompile Include="AutoCheckBox.cpp">
      <Filter>Source Files</Filter>
    </ClCompile>
    <ClCompile Include="AutoCheckBox_moc.cpp">
      <Filter>Source Files</Filter>
    </ClCompile>
    <ClCompile Include="AutoDebugSlider.cpp">
      <Filter>Source Files</Filter>
    </ClCompile>
    <ClCompile Include="AutoDebugSlider_moc.cpp">
      <Filter>Source Files</Filter>
    </ClCompile>
    <ClCompile Include="AutoLabel.cpp">
      <Filter>Source Files</Filter>
    </ClCompile>
    <ClCompile Include="AutoLabel_moc.cpp">
      <Filter>Source Files</Filter>
    </ClCompile>
    <ClCompile Include="DebugMenus.cpp">
      <Filter>Source Files</Filter>
    </ClCompile>
    <ClCompile Include="DebugSlider.cpp">
      <Filter>Source Files</Filter>
    </ClCompile>
    <ClCompile Include="DebugSlider_moc.cpp">
      <Filter>Source Files</Filter>
    </ClCompile>
    <ClCompile Include="Particle.cpp">
      <Filter>Source Files</Filter>
    </ClCompile>
    <ClCompile Include="ForceGenerator.cpp">
      <Filter>Source Files</Filter>
    </ClCompile>
    <ClCompile Include="Lab03Gui.cpp">
      <Filter>Source Files</Filter>
    </ClCompile>
    <ClCompile Include="Lab04Gui.cpp">
      <Filter>Source Files</Filter>
    </ClCompile>
    <ClCompile Include="Lab05Gui.cpp">
      <Filter>Source Files</Filter>
    </ClCompile>
    <ClCompile Include="Lab06Gui.cpp">
      <Filter>Source Files</Filter>
    </ClCompile>
    <ClCompile Include="Lab07Gui.cpp">
      <Filter>Source Files</Filter>
    </ClCompile>
    <ClCompile Include="FunctionButton.cpp">
      <Filter>Source Files</Filter>
    </ClCompile>
    <ClCompile Include="FunctionButton_moc.cpp">
      <Filter>Source Files</Filter>
    </ClCompile>
    <ClCompile Include="Lab08Gui.cpp">
      <Filter>Source Files</Filter>
    </ClCompile>
    <ClCompile Include="Lab09Gui.cpp">
      <Filter>Source Files</Filter>
    </ClCompile>
    <ClCompile Include="Lab10Gui.cpp">
      <Filter>Source Files</Filter>
    </ClCompile>
    <ClCompile Include="ContactRegistry.cpp">
      <Filter>Source Files</Filter>
    </ClCompile>
    <ClCompile Include="ParticleWorld.cpp">
      <Filter>Source Files</Filter>
    </ClCompile>
    <ClCompile Include="Lab11Gui.cpp">
      <Filter>Source Files</Filter>
    </ClCompile>
    <ClCompile Include="CollisionDetection.cpp">
      <Filter>Source Files</Filter>
    </ClCompile>
    <ClCompile Include="Lab12Gui.cpp">
      <Filter>Source Files</Filter>
    </ClCompile>
    <ClCompile Include="Lab13Gui.cpp">
      <Filter>Source Files</Filter>
    </ClCompile>
    <ClCompile Include="Lab14Gui.cpp">
      <Filter>Source Files</Filter>
    </ClCompile>
    <ClCompile Include="Lab15Gui.cpp">
      <Filter>Source Files</Filter>
    </ClCompile>
    <ClCompile Include="Lab16Gui.cpp">
      <Filter>Source Files</Filter>
    </ClCompile>
  </ItemGroup>
  <ItemGroup>
    <ClInclude Include="Lab01GuiBase.h">
      <Filter>Header Files</Filter>
    </ClInclude>
    <ClInclude Include="Lab02Gui.h">
      <Filter>Header Files</Filter>
    </ClInclude>
    <ClInclude Include="Particle.h">
      <Filter>Header Files</Filter>
    </ClInclude>
    <ClInclude Include="AutoCheckBox.h">
      <Filter>Header Files</Filter>
    </ClInclude>
    <ClInclude Include="AutoDebugSlider.h">
      <Filter>Header Files</Filter>
    </ClInclude>
    <ClInclude Include="AutoLabel.h">
      <Filter>Header Files</Filter>
    </ClInclude>
    <ClInclude Include="DebugMenus.h">
      <Filter>Header Files</Filter>
    </ClInclude>
    <ClInclude Include="DebugSlider.h">
      <Filter>Header Files</Filter>
    </ClInclude>
    <ClInclude Include="VectorEditWidget.h">
      <Filter>Header Files</Filter>
    </ClInclude>
    <ClInclude Include="Engine.h">
      <Filter>Header Files</Filter>
    </ClInclude>
    <ClInclude Include="ExportHeader.h">
      <Filter>Header Files</Filter>
    </ClInclude>
    <ClInclude Include="ForceGenerator.h">
      <Filter>Header Files</Filter>
    </ClInclude>
    <ClInclude Include="Lab03Gui.h">
      <Filter>Header Files</Filter>
    </ClInclude>
    <ClInclude Include="Lab04Gui.h">
      <Filter>Header Files</Filter>
    </ClInclude>
    <ClInclude Include="Lab05Gui.h">
      <Filter>Header Files</Filter>
    </ClInclude>
    <ClInclude Include="Lab06Gui.h">
      <Filter>Header Files</Filter>
    </ClInclude>
    <ClInclude Include="Lab07Gui.h">
      <Filter>Header Files</Filter>
    </ClInclude>
    <ClInclude Include="FunctionButton.h">
      <Filter>Header Files</Filter>
    </ClInclude>
    <ClInclude Include="Lab08Gui.h">
      <Filter>Header Files</Filter>
    </ClInclude>
    <ClInclude Include="Lab09Gui.h">
      <Filter>Header Files</Filter>
    </ClInclude>
    <ClInclude Include="Lab10Gui.h">
      <Filter>Header Files</Filter>
    </ClInclude>
    <ClInclude Include="ContactRegistry.h">
      <Filter>Header Files</Filter>
    </ClInclude>
    <ClInclude Include="ParticleWorld.h">
      <Filter>Header Files</Filter>
    </ClInclude>
    <ClInclude Include="Lab11Gui.h">
      <Filter>Header Files</Filter>
    </ClInclude>
    <ClInclude Include="CollisionDetection.h">
      <Filter>Header Files</Filter>
    </ClInclude>
    <ClInclude Include="Lab12Gui.h">
      <Filter>Header Files</Filter>
    </ClInclude>
    <ClInclude Include="Lab13Gui.h">
      <Filter>Header Files</Filter>
    </ClInclude>
    <ClInclude Include="Lab14Gui.h">
      <Filter>Header Files</Filter>
    </ClInclude>
    <ClInclude Include="Lab15Gui.h">
      <Filter>Header Files</Filter>
    </ClInclude>
    <ClInclude Include="Lab16Gui.h">
      <Filter>Header Files</Filter>
    </ClInclude>
  </ItemGroup>
</Project>