
Microsoft Visual Studio Solution File, Format Version 12.00
# Visual Studio 2012
Project("{8BC9CEB8-8B4A-11D0-8D11-00A0C91BC942}") = "Game", "Game\Game.vcxproj", "{34EC92AD-D30E-41E0-8E72-6B72E0DBCB61}"
	ProjectSection(ProjectDependencies) = postProject
		{368AB040-3042-41C8-ACC2-787C2ECED6D7} = {368AB040-3042-41C8-ACC2-787C2ECED6D7}
	EndProjectSection
EndProject
Project("{8BC9CEB8-8B4A-11D0-8D11-00A0C91BC942}") = "Engine", "Engine\Engine.vcxproj", "{368AB040-3042-41C8-ACC2-787C2ECED6D7}"
EndProject
Global
	GlobalSection(SolutionConfigurationPlatforms) = preSolution
		Debug|Win32 = Debug|Win32
		Release|Win32 = Release|Win32
	EndGlobalSection
	GlobalSection(ProjectConfigurationPlatforms) = postSolution
		{34EC92AD-D30E-41E0-8E72-6B72E0DBCB61}.Debug|Win32.ActiveCfg = Debug|Win32
		{34EC92AD-D30E-41E0-8E72-6B72E0DBCB61}.Debug|Win32.Build.0 = Debug|Win32
		{34EC92AD-D30E-41E0-8E72-6B72E0DBCB61}.Release|Win32.ActiveCfg = Release|Win32
		{34EC92AD-D30E-41E0-8E72-6B72E0DBCB61}.Release|Win32.Build.0 = Release|Win32
		{368AB040-3042-41C8-ACC2-787C2ECED6D7}.Debug|Win32.ActiveCfg = Debug|Win32
		{368AB040-3042-41C8-ACC2-787C2ECED6D7}.Debug|Win32.Build.0 = Debug|Win32
		{368AB040-3042-41C8-ACC2-787C2ECED6D7}.Release|Win32.ActiveCfg = Release|Win32
		{368AB040-3042-41C8-ACC2-787C2ECED6D7}.Release|Win32.Build.0 = Release|Win32
	EndGlobalSection
	GlobalSection(SolutionProperties) = preSolution
		HideSolutionNode = FALSE
	EndGlobalSection
EndGlobal
